
Microsoft Visual Studio Solution File, Format Version 12.00
# Visual Studio 15
VisualStudioVersion = 15.0.27004.2010
MinimumVisualStudioVersion = 10.0.40219.1
Project("{FAE04EC0-301F-11D3-BF4B-00C04F79EFBC}") = "BE", "BE\BE.csproj", "{A1EC5264-A718-4BC4-ACDE-C089EB12455D}"
EndProject
Project("{FAE04EC0-301F-11D3-BF4B-00C04F79EFBC}") = "DAL", "DAL\DAL.csproj", "{B9CC378A-C73C-4A5A-944B-150EE8BF01A5}"
EndProject
Project("{FAE04EC0-301F-11D3-BF4B-00C04F79EFBC}") = "DS", "DS\DS.csproj", "{0C1A55D5-FF46-4C6E-A68C-220D14F30D93}"
EndProject
Project("{FAE04EC0-301F-11D3-BF4B-00C04F79EFBC}") = "BL", "BL\BL.csproj", "{54903743-F6D6-496C-8FD6-2B175966D4D4}"
EndProject
Project("{FAE04EC0-301F-11D3-BF4B-00C04F79EFBC}") = "MAIN_PL", "MAIN_PL\MAIN_PL.csproj", "{A8FB02C0-F27D-40A2-8FB9-B897319737B4}"
EndProject
Global
	GlobalSection(SolutionConfigurationPlatforms) = preSolution
		Debug|Any CPU = Debug|Any CPU
		Release|Any CPU = Release|Any CPU
	EndGlobalSection
	GlobalSection(ProjectConfigurationPlatforms) = postSolution
		{A1EC5264-A718-4BC4-ACDE-C089EB12455D}.Debug|Any CPU.ActiveCfg = Debug|Any CPU
		{A1EC5264-A718-4BC4-ACDE-C089EB12455D}.Debug|Any CPU.Build.0 = Debug|Any CPU
		{A1EC5264-A718-4BC4-ACDE-C089EB12455D}.Release|Any CPU.ActiveCfg = Release|Any CPU
		{A1EC5264-A718-4BC4-ACDE-C089EB12455D}.Release|Any CPU.Build.0 = Release|Any CPU
		{B9CC378A-C73C-4A5A-944B-150EE8BF01A5}.Debug|Any CPU.ActiveCfg = Debug|Any CPU
		{B9CC378A-C73C-4A5A-944B-150EE8BF01A5}.Debug|Any CPU.Build.0 = Debug|Any CPU
		{B9CC378A-C73C-4A5A-944B-150EE8BF01A5}.Release|Any CPU.ActiveCfg = Release|Any CPU
		{B9CC378A-C73C-4A5A-944B-150EE8BF01A5}.Release|Any CPU.Build.0 = Release|Any CPU
		{0C1A55D5-FF46-4C6E-A68C-220D14F30D93}.Debug|Any CPU.ActiveCfg = Debug|Any CPU
		{0C1A55D5-FF46-4C6E-A68C-220D14F30D93}.Debug|Any CPU.Build.0 = Debug|Any CPU
		{0C1A55D5-FF46-4C6E-A68C-220D14F30D93}.Release|Any CPU.ActiveCfg = Release|Any CPU
		{0C1A55D5-FF46-4C6E-A68C-220D14F30D93}.Release|Any CPU.Build.0 = Release|Any CPU
		{54903743-F6D6-496C-8FD6-2B175966D4D4}.Debug|Any CPU.ActiveCfg = Debug|Any CPU
		{54903743-F6D6-496C-8FD6-2B175966D4D4}.Debug|Any CPU.Build.0 = Debug|Any CPU
		{54903743-F6D6-496C-8FD6-2B175966D4D4}.Release|Any CPU.ActiveCfg = Release|Any CPU
		{54903743-F6D6-496C-8FD6-2B175966D4D4}.Release|Any CPU.Build.0 = Release|Any CPU
		{A8FB02C0-F27D-40A2-8FB9-B897319737B4}.Debug|Any CPU.ActiveCfg = Debug|Any CPU
		{A8FB02C0-F27D-40A2-8FB9-B897319737B4}.Debug|Any CPU.Build.0 = Debug|Any CPU
		{A8FB02C0-F27D-40A2-8FB9-B897319737B4}.Release|Any CPU.ActiveCfg = Release|Any CPU
		{A8FB02C0-F27D-40A2-8FB9-B897319737B4}.Release|Any CPU.Build.0 = Release|Any CPU
	EndGlobalSection
	GlobalSection(SolutionProperties) = preSolution
		HideSolutionNode = FALSE
	EndGlobalSection
	GlobalSection(ExtensibilityGlobals) = postSolution
		SolutionGuid = {3389CB04-A063-4CD6-BF8B-D22999D6AAA4}
	EndGlobalSection
EndGlobal
