
Microsoft Visual Studio Solution File, Format Version 12.00
# Visual Studio 15
VisualStudioVersion = 15.0.27004.2010
MinimumVisualStudioVersion = 10.0.40219.1
Project("{FAE04EC0-301F-11D3-BF4B-00C04F79EFBC}") = "BE", "BE\BE.csproj", "{A1EC5264-A718-4BC4-ACDE-C089EB12455D}"
EndProject
Global
	GlobalSection(SolutionConfigurationPlatforms) = preSolution
		Debug|Any CPU = Debug|Any CPU
		Release|Any CPU = Release|Any CPU
	EndGlobalSection
	GlobalSection(ProjectConfigurationPlatforms) = postSolution
		{A1EC5264-A718-4BC4-ACDE-C089EB12455D}.Debug|Any CPU.ActiveCfg = Debug|Any CPU
		{A1EC5264-A718-4BC4-ACDE-C089EB12455D}.Debug|Any CPU.Build.0 = Debug|Any CPU
		{A1EC5264-A718-4BC4-ACDE-C089EB12455D}.Release|Any CPU.ActiveCfg = Release|Any CPU
		{A1EC5264-A718-4BC4-ACDE-C089EB12455D}.Release|Any CPU.Build.0 = Release|Any CPU
	EndGlobalSection
	GlobalSection(SolutionProperties) = preSolution
		HideSolutionNode = FALSE
	EndGlobalSection
	GlobalSection(ExtensibilityGlobals) = postSolution
		SolutionGuid = {3389CB04-A063-4CD6-BF8B-D22999D6AAA4}
	EndGlobalSection
EndGlobal
